// !$*UTF8*$!
{
	archiveVersion = 1;
	classes = {
	};
	objectVersion = 51;
	objects = {

/* Begin PBXBuildFile section */
		51D7704DF35697406B40F0A0 /* Pods_TwitDemo.framework in Frameworks */ = {isa = PBXBuildFile; fileRef = 5658AE7332D21BF640845D56 /* Pods_TwitDemo.framework */; };
		CD14F97524D8A44300F6689A /* AppDelegate.swift in Sources */ = {isa = PBXBuildFile; fileRef = CD14F97424D8A44300F6689A /* AppDelegate.swift */; };
		CD14F97724D8A44300F6689A /* SceneDelegate.swift in Sources */ = {isa = PBXBuildFile; fileRef = CD14F97624D8A44300F6689A /* SceneDelegate.swift */; };
		CD14F97924D8A44300F6689A /* TweetsViewController.swift in Sources */ = {isa = PBXBuildFile; fileRef = CD14F97824D8A44300F6689A /* TweetsViewController.swift */; };
		CD14F97C24D8A44300F6689A /* Main.storyboard in Resources */ = {isa = PBXBuildFile; fileRef = CD14F97A24D8A44300F6689A /* Main.storyboard */; };
		CD14F97E24D8A44400F6689A /* Assets.xcassets in Resources */ = {isa = PBXBuildFile; fileRef = CD14F97D24D8A44400F6689A /* Assets.xcassets */; };
		CD14F98124D8A44400F6689A /* LaunchScreen.storyboard in Resources */ = {isa = PBXBuildFile; fileRef = CD14F97F24D8A44400F6689A /* LaunchScreen.storyboard */; };
		CD14F98B24D96F3B00F6689A /* TweetsDetailsViewController.swift in Sources */ = {isa = PBXBuildFile; fileRef = CD14F98A24D96F3B00F6689A /* TweetsDetailsViewController.swift */; };
		CD14F98D24D9743F00F6689A /* TweetsDetailsCell.swift in Sources */ = {isa = PBXBuildFile; fileRef = CD14F98C24D9743F00F6689A /* TweetsDetailsCell.swift */; };
		CDF34B0A24D9894D00E04B49 /* TweetsServiceProtocol.swift in Sources */ = {isa = PBXBuildFile; fileRef = CDF34B0924D9894D00E04B49 /* TweetsServiceProtocol.swift */; };
		CDF34B0C24D989A100E04B49 /* TweetsAPI.swift in Sources */ = {isa = PBXBuildFile; fileRef = CDF34B0B24D989A100E04B49 /* TweetsAPI.swift */; };
		CDF34B0E24D989BE00E04B49 /* TweetsService.swift in Sources */ = {isa = PBXBuildFile; fileRef = CDF34B0D24D989BE00E04B49 /* TweetsService.swift */; };
		CDF34B1024D989CC00E04B49 /* TweetsAPIResponse.swift in Sources */ = {isa = PBXBuildFile; fileRef = CDF34B0F24D989CC00E04B49 /* TweetsAPIResponse.swift */; };
		CDF34B1224D98C5500E04B49 /* APIDescription.swift in Sources */ = {isa = PBXBuildFile; fileRef = CDF34B1124D98C5500E04B49 /* APIDescription.swift */; };
		CDF34B1624DA241C00E04B49 /* UserIdByNameServiceProtocol.swift in Sources */ = {isa = PBXBuildFile; fileRef = CDF34B1524DA241B00E04B49 /* UserIdByNameServiceProtocol.swift */; };
		CDF34B1824DA243D00E04B49 /* UserIdByNameService.swift in Sources */ = {isa = PBXBuildFile; fileRef = CDF34B1724DA243D00E04B49 /* UserIdByNameService.swift */; };
		CDF34B1A24DA244F00E04B49 /* UserIdByNameAPI.swift in Sources */ = {isa = PBXBuildFile; fileRef = CDF34B1924DA244F00E04B49 /* UserIdByNameAPI.swift */; };
		CDF34B1D24DA248400E04B49 /* UserIdByNameAPIResponse.swift in Sources */ = {isa = PBXBuildFile; fileRef = CDF34B1C24DA248400E04B49 /* UserIdByNameAPIResponse.swift */; };
/* End PBXBuildFile section */

/* Begin PBXFileReference section */
		0C1809DB58103D336C56C17C /* Pods-TwitDemo.release.xcconfig */ = {isa = PBXFileReference; includeInIndex = 1; lastKnownFileType = text.xcconfig; name = "Pods-TwitDemo.release.xcconfig"; path = "Target Support Files/Pods-TwitDemo/Pods-TwitDemo.release.xcconfig"; sourceTree = "<group>"; };
		5658AE7332D21BF640845D56 /* Pods_TwitDemo.framework */ = {isa = PBXFileReference; explicitFileType = wrapper.framework; includeInIndex = 0; path = Pods_TwitDemo.framework; sourceTree = BUILT_PRODUCTS_DIR; };
		82BAC38EAAA7EBDD008F8E09 /* Pods-TwitDemo.debug.xcconfig */ = {isa = PBXFileReference; includeInIndex = 1; lastKnownFileType = text.xcconfig; name = "Pods-TwitDemo.debug.xcconfig"; path = "Target Support Files/Pods-TwitDemo/Pods-TwitDemo.debug.xcconfig"; sourceTree = "<group>"; };
		CD14F97124D8A44300F6689A /* TwitDemo.app */ = {isa = PBXFileReference; explicitFileType = wrapper.application; includeInIndex = 0; path = TwitDemo.app; sourceTree = BUILT_PRODUCTS_DIR; };
		CD14F97424D8A44300F6689A /* AppDelegate.swift */ = {isa = PBXFileReference; lastKnownFileType = sourcecode.swift; path = AppDelegate.swift; sourceTree = "<group>"; };
		CD14F97624D8A44300F6689A /* SceneDelegate.swift */ = {isa = PBXFileReference; lastKnownFileType = sourcecode.swift; path = SceneDelegate.swift; sourceTree = "<group>"; };
		CD14F97824D8A44300F6689A /* TweetsViewController.swift */ = {isa = PBXFileReference; lastKnownFileType = sourcecode.swift; path = TweetsViewController.swift; sourceTree = "<group>"; };
		CD14F97B24D8A44300F6689A /* Base */ = {isa = PBXFileReference; lastKnownFileType = file.storyboard; name = Base; path = Base.lproj/Main.storyboard; sourceTree = "<group>"; };
		CD14F97D24D8A44400F6689A /* Assets.xcassets */ = {isa = PBXFileReference; lastKnownFileType = folder.assetcatalog; path = Assets.xcassets; sourceTree = "<group>"; };
		CD14F98024D8A44400F6689A /* Base */ = {isa = PBXFileReference; lastKnownFileType = file.storyboard; name = Base; path = Base.lproj/LaunchScreen.storyboard; sourceTree = "<group>"; };
		CD14F98224D8A44400F6689A /* Info.plist */ = {isa = PBXFileReference; lastKnownFileType = text.plist.xml; path = Info.plist; sourceTree = "<group>"; };
		CD14F98A24D96F3B00F6689A /* TweetsDetailsViewController.swift */ = {isa = PBXFileReference; lastKnownFileType = sourcecode.swift; path = TweetsDetailsViewController.swift; sourceTree = "<group>"; };
		CD14F98C24D9743F00F6689A /* TweetsDetailsCell.swift */ = {isa = PBXFileReference; lastKnownFileType = sourcecode.swift; path = TweetsDetailsCell.swift; sourceTree = "<group>"; };
		CDF34B0924D9894D00E04B49 /* TweetsServiceProtocol.swift */ = {isa = PBXFileReference; lastKnownFileType = sourcecode.swift; path = TweetsServiceProtocol.swift; sourceTree = "<group>"; };
		CDF34B0B24D989A100E04B49 /* TweetsAPI.swift */ = {isa = PBXFileReference; lastKnownFileType = sourcecode.swift; path = TweetsAPI.swift; sourceTree = "<group>"; };
		CDF34B0D24D989BE00E04B49 /* TweetsService.swift */ = {isa = PBXFileReference; lastKnownFileType = sourcecode.swift; path = TweetsService.swift; sourceTree = "<group>"; };
		CDF34B0F24D989CC00E04B49 /* TweetsAPIResponse.swift */ = {isa = PBXFileReference; lastKnownFileType = sourcecode.swift; path = TweetsAPIResponse.swift; sourceTree = "<group>"; };
		CDF34B1124D98C5500E04B49 /* APIDescription.swift */ = {isa = PBXFileReference; lastKnownFileType = sourcecode.swift; path = APIDescription.swift; sourceTree = "<group>"; };
		CDF34B1524DA241B00E04B49 /* UserIdByNameServiceProtocol.swift */ = {isa = PBXFileReference; lastKnownFileType = sourcecode.swift; path = UserIdByNameServiceProtocol.swift; sourceTree = "<group>"; };
		CDF34B1724DA243D00E04B49 /* UserIdByNameService.swift */ = {isa = PBXFileReference; lastKnownFileType = sourcecode.swift; path = UserIdByNameService.swift; sourceTree = "<group>"; };
		CDF34B1924DA244F00E04B49 /* UserIdByNameAPI.swift */ = {isa = PBXFileReference; lastKnownFileType = sourcecode.swift; path = UserIdByNameAPI.swift; sourceTree = "<group>"; };
		CDF34B1C24DA248400E04B49 /* UserIdByNameAPIResponse.swift */ = {isa = PBXFileReference; lastKnownFileType = sourcecode.swift; path = UserIdByNameAPIResponse.swift; sourceTree = "<group>"; };
/* End PBXFileReference section */

/* Begin PBXFrameworksBuildPhase section */
		CD14F96E24D8A44300F6689A /* Frameworks */ = {
			isa = PBXFrameworksBuildPhase;
			buildActionMask = 2147483647;
			files = (
				51D7704DF35697406B40F0A0 /* Pods_TwitDemo.framework in Frameworks */,
			);
			runOnlyForDeploymentPostprocessing = 0;
		};
/* End PBXFrameworksBuildPhase section */

/* Begin PBXGroup section */
		CD14F96824D8A44300F6689A = {
			isa = PBXGroup;
			children = (
				CD14F97324D8A44300F6689A /* TwitDemo */,
				CD14F97224D8A44300F6689A /* Products */,
				E35D6B2C6C84A94AA4FF9571 /* Pods */,
				EC65D791175117C8CED25C98 /* Frameworks */,
			);
			sourceTree = "<group>";
		};
		CD14F97224D8A44300F6689A /* Products */ = {
			isa = PBXGroup;
			children = (
				CD14F97124D8A44300F6689A /* TwitDemo.app */,
			);
			name = Products;
			sourceTree = "<group>";
		};
		CD14F97324D8A44300F6689A /* TwitDemo */ = {
			isa = PBXGroup;
			children = (
				CD9B809A24D984E700A90717 /* Services */,
				CD14F99024D974CA00F6689A /* Model */,
				CD14F98F24D974C800F6689A /* View */,
				CD14F98E24D974C500F6689A /* Controller */,
				CD14F97424D8A44300F6689A /* AppDelegate.swift */,
				CD14F97624D8A44300F6689A /* SceneDelegate.swift */,
				CD14F97A24D8A44300F6689A /* Main.storyboard */,
				CD14F97D24D8A44400F6689A /* Assets.xcassets */,
				CD14F97F24D8A44400F6689A /* LaunchScreen.storyboard */,
				CD14F98224D8A44400F6689A /* Info.plist */,
			);
			path = TwitDemo;
			sourceTree = "<group>";
		};
		CD14F98E24D974C500F6689A /* Controller */ = {
			isa = PBXGroup;
			children = (
				CD14F97824D8A44300F6689A /* TweetsViewController.swift */,
				CD14F98A24D96F3B00F6689A /* TweetsDetailsViewController.swift */,
			);
			path = Controller;
			sourceTree = "<group>";
		};
		CD14F98F24D974C800F6689A /* View */ = {
			isa = PBXGroup;
			children = (
				CD14F98C24D9743F00F6689A /* TweetsDetailsCell.swift */,
			);
			path = View;
			sourceTree = "<group>";
		};
		CD14F99024D974CA00F6689A /* Model */ = {
			isa = PBXGroup;
			children = (
			);
			path = Model;
			sourceTree = "<group>";
		};
		CD9B809A24D984E700A90717 /* Services */ = {
			isa = PBXGroup;
			children = (
				CD9B809B24D984F600A90717 /* API */,
			);
			path = Services;
			sourceTree = "<group>";
		};
		CD9B809B24D984F600A90717 /* API */ = {
			isa = PBXGroup;
			children = (
				CDF34B1124D98C5500E04B49 /* APIDescription.swift */,
				CDF34B1424DA23EF00E04B49 /* UserIdByName */,
				CDF34B1324D98C5C00E04B49 /* Tweets */,
			);
			path = API;
			sourceTree = "<group>";
		};
		CDF34B1324D98C5C00E04B49 /* Tweets */ = {
			isa = PBXGroup;
			children = (
				CDF34B0924D9894D00E04B49 /* TweetsServiceProtocol.swift */,
				CDF34B0D24D989BE00E04B49 /* TweetsService.swift */,
				CDF34B0B24D989A100E04B49 /* TweetsAPI.swift */,
				CDF34B0F24D989CC00E04B49 /* TweetsAPIResponse.swift */,
			);
			path = Tweets;
			sourceTree = "<group>";
		};
		CDF34B1424DA23EF00E04B49 /* UserIdByName */ = {
			isa = PBXGroup;
			children = (
				CDF34B1524DA241B00E04B49 /* UserIdByNameServiceProtocol.swift */,
				CDF34B1724DA243D00E04B49 /* UserIdByNameService.swift */,
				CDF34B1924DA244F00E04B49 /* UserIdByNameAPI.swift */,
				CDF34B1C24DA248400E04B49 /* UserIdByNameAPIResponse.swift */,
			);
			path = UserIdByName;
			sourceTree = "<group>";
		};
		E35D6B2C6C84A94AA4FF9571 /* Pods */ = {
			isa = PBXGroup;
			children = (
				82BAC38EAAA7EBDD008F8E09 /* Pods-TwitDemo.debug.xcconfig */,
				0C1809DB58103D336C56C17C /* Pods-TwitDemo.release.xcconfig */,
			);
			path = Pods;
			sourceTree = "<group>";
		};
		EC65D791175117C8CED25C98 /* Frameworks */ = {
			isa = PBXGroup;
			children = (
				5658AE7332D21BF640845D56 /* Pods_TwitDemo.framework */,
			);
			name = Frameworks;
			sourceTree = "<group>";
		};
/* End PBXGroup section */

/* Begin PBXNativeTarget section */
		CD14F97024D8A44300F6689A /* TwitDemo */ = {
			isa = PBXNativeTarget;
			buildConfigurationList = CD14F98524D8A44400F6689A /* Build configuration list for PBXNativeTarget "TwitDemo" */;
			buildPhases = (
				3B5D428F9DCCC994B990CD1E /* [CP] Check Pods Manifest.lock */,
				CD14F96D24D8A44300F6689A /* Sources */,
				CD14F96E24D8A44300F6689A /* Frameworks */,
				CD14F96F24D8A44300F6689A /* Resources */,
				AF48709A6B74B0252E653A7A /* [CP] Embed Pods Frameworks */,
			);
			buildRules = (
			);
			dependencies = (
			);
			name = TwitDemo;
			productName = TwitDemo;
			productReference = CD14F97124D8A44300F6689A /* TwitDemo.app */;
			productType = "com.apple.product-type.application";
		};
/* End PBXNativeTarget section */

/* Begin PBXProject section */
		CD14F96924D8A44300F6689A /* Project object */ = {
			isa = PBXProject;
			attributes = {
				LastSwiftUpdateCheck = 1160;
				LastUpgradeCheck = 1160;
				ORGANIZATIONNAME = "Inaldo Ramos Ribeiro";
				TargetAttributes = {
					CD14F97024D8A44300F6689A = {
						CreatedOnToolsVersion = 11.6;
					};
				};
			};
			buildConfigurationList = CD14F96C24D8A44300F6689A /* Build configuration list for PBXProject "TwitDemo" */;
			compatibilityVersion = "Xcode 9.3";
			developmentRegion = en;
			hasScannedForEncodings = 0;
			knownRegions = (
				en,
				Base,
			);
			mainGroup = CD14F96824D8A44300F6689A;
			productRefGroup = CD14F97224D8A44300F6689A /* Products */;
			projectDirPath = "";
			projectRoot = "";
			targets = (
				CD14F97024D8A44300F6689A /* TwitDemo */,
			);
		};
/* End PBXProject section */

/* Begin PBXResourcesBuildPhase section */
		CD14F96F24D8A44300F6689A /* Resources */ = {
			isa = PBXResourcesBuildPhase;
			buildActionMask = 2147483647;
			files = (
				CD14F98124D8A44400F6689A /* LaunchScreen.storyboard in Resources */,
				CD14F97E24D8A44400F6689A /* Assets.xcassets in Resources */,
				CD14F97C24D8A44300F6689A /* Main.storyboard in Resources */,
			);
			runOnlyForDeploymentPostprocessing = 0;
		};
/* End PBXResourcesBuildPhase section */

/* Begin PBXShellScriptBuildPhase section */
		3B5D428F9DCCC994B990CD1E /* [CP] Check Pods Manifest.lock */ = {
			isa = PBXShellScriptBuildPhase;
			buildActionMask = 2147483647;
			files = (
			);
			inputFileListPaths = (
			);
			inputPaths = (
				"${PODS_PODFILE_DIR_PATH}/Podfile.lock",
				"${PODS_ROOT}/Manifest.lock",
			);
			name = "[CP] Check Pods Manifest.lock";
			outputFileListPaths = (
			);
			outputPaths = (
				"$(DERIVED_FILE_DIR)/Pods-TwitDemo-checkManifestLockResult.txt",
			);
			runOnlyForDeploymentPostprocessing = 0;
			shellPath = /bin/sh;
			shellScript = "diff \"${PODS_PODFILE_DIR_PATH}/Podfile.lock\" \"${PODS_ROOT}/Manifest.lock\" > /dev/null\nif [ $? != 0 ] ; then\n    # print error to STDERR\n    echo \"error: The sandbox is not in sync with the Podfile.lock. Run 'pod install' or update your CocoaPods installation.\" >&2\n    exit 1\nfi\n# This output is used by Xcode 'outputs' to avoid re-running this script phase.\necho \"SUCCESS\" > \"${SCRIPT_OUTPUT_FILE_0}\"\n";
			showEnvVarsInLog = 0;
		};
		AF48709A6B74B0252E653A7A /* [CP] Embed Pods Frameworks */ = {
			isa = PBXShellScriptBuildPhase;
			buildActionMask = 2147483647;
			files = (
			);
			inputFileListPaths = (
				"${PODS_ROOT}/Target Support Files/Pods-TwitDemo/Pods-TwitDemo-frameworks-${CONFIGURATION}-input-files.xcfilelist",
			);
			name = "[CP] Embed Pods Frameworks";
			outputFileListPaths = (
				"${PODS_ROOT}/Target Support Files/Pods-TwitDemo/Pods-TwitDemo-frameworks-${CONFIGURATION}-output-files.xcfilelist",
			);
			runOnlyForDeploymentPostprocessing = 0;
			shellPath = /bin/sh;
			shellScript = "\"${PODS_ROOT}/Target Support Files/Pods-TwitDemo/Pods-TwitDemo-frameworks.sh\"\n";
			showEnvVarsInLog = 0;
		};
/* End PBXShellScriptBuildPhase section */

/* Begin PBXSourcesBuildPhase section */
		CD14F96D24D8A44300F6689A /* Sources */ = {
			isa = PBXSourcesBuildPhase;
			buildActionMask = 2147483647;
			files = (
				CD14F98D24D9743F00F6689A /* TweetsDetailsCell.swift in Sources */,
				CD14F97924D8A44300F6689A /* TweetsViewController.swift in Sources */,
				CD14F97524D8A44300F6689A /* AppDelegate.swift in Sources */,
				CDF34B1A24DA244F00E04B49 /* UserIdByNameAPI.swift in Sources */,
				CDF34B0E24D989BE00E04B49 /* TweetsService.swift in Sources */,
				CDF34B1024D989CC00E04B49 /* TweetsAPIResponse.swift in Sources */,
				CDF34B1824DA243D00E04B49 /* UserIdByNameService.swift in Sources */,
				CDF34B1D24DA248400E04B49 /* UserIdByNameAPIResponse.swift in Sources */,
				CDF34B1624DA241C00E04B49 /* UserIdByNameServiceProtocol.swift in Sources */,
				CDF34B0A24D9894D00E04B49 /* TweetsServiceProtocol.swift in Sources */,
				CD14F97724D8A44300F6689A /* SceneDelegate.swift in Sources */,
				CD14F98B24D96F3B00F6689A /* TweetsDetailsViewController.swift in Sources */,
				CDF34B0C24D989A100E04B49 /* TweetsAPI.swift in Sources */,
				CDF34B1224D98C5500E04B49 /* APIDescription.swift in Sources */,
			);
			runOnlyForDeploymentPostprocessing = 0;
		};
/* End PBXSourcesBuildPhase section */

/* Begin PBXVariantGroup section */
		CD14F97A24D8A44300F6689A /* Main.storyboard */ = {
			isa = PBXVariantGroup;
			children = (
				CD14F97B24D8A44300F6689A /* Base */,
			);
			name = Main.storyboard;
			sourceTree = "<group>";
		};
		CD14F97F24D8A44400F6689A /* LaunchScreen.storyboard */ = {
			isa = PBXVariantGroup;
			children = (
				CD14F98024D8A44400F6689A /* Base */,
			);
			name = LaunchScreen.storyboard;
			sourceTree = "<group>";
		};
/* End PBXVariantGroup section */

/* Begin XCBuildConfiguration section */
		CD14F98324D8A44400F6689A /* Debug */ = {
			isa = XCBuildConfiguration;
			buildSettings = {
				ALWAYS_SEARCH_USER_PATHS = NO;
				CLANG_ANALYZER_NONNULL = YES;
				CLANG_ANALYZER_NUMBER_OBJECT_CONVERSION = YES_AGGRESSIVE;
				CLANG_CXX_LANGUAGE_STANDARD = "gnu++14";
				CLANG_CXX_LIBRARY = "libc++";
				CLANG_ENABLE_MODULES = YES;
				CLANG_ENABLE_OBJC_ARC = YES;
				CLANG_ENABLE_OBJC_WEAK = YES;
				CLANG_WARN_BLOCK_CAPTURE_AUTORELEASING = YES;
				CLANG_WARN_BOOL_CONVERSION = YES;
				CLANG_WARN_COMMA = YES;
				CLANG_WARN_CONSTANT_CONVERSION = YES;
				CLANG_WARN_DEPRECATED_OBJC_IMPLEMENTATIONS = YES;
				CLANG_WARN_DIRECT_OBJC_ISA_USAGE = YES_ERROR;
				CLANG_WARN_DOCUMENTATION_COMMENTS = YES;
				CLANG_WARN_EMPTY_BODY = YES;
				CLANG_WARN_ENUM_CONVERSION = YES;
				CLANG_WARN_INFINITE_RECURSION = YES;
				CLANG_WARN_INT_CONVERSION = YES;
				CLANG_WARN_NON_LITERAL_NULL_CONVERSION = YES;
				CLANG_WARN_OBJC_IMPLICIT_RETAIN_SELF = YES;
				CLANG_WARN_OBJC_LITERAL_CONVERSION = YES;
				CLANG_WARN_OBJC_ROOT_CLASS = YES_ERROR;
				CLANG_WARN_RANGE_LOOP_ANALYSIS = YES;
				CLANG_WARN_STRICT_PROTOTYPES = YES;
				CLANG_WARN_SUSPICIOUS_MOVE = YES;
				CLANG_WARN_UNGUARDED_AVAILABILITY = YES_AGGRESSIVE;
				CLANG_WARN_UNREACHABLE_CODE = YES;
				CLANG_WARN__DUPLICATE_METHOD_MATCH = YES;
				COPY_PHASE_STRIP = NO;
				DEBUG_INFORMATION_FORMAT = dwarf;
				ENABLE_STRICT_OBJC_MSGSEND = YES;
				ENABLE_TESTABILITY = YES;
				GCC_C_LANGUAGE_STANDARD = gnu11;
				GCC_DYNAMIC_NO_PIC = NO;
				GCC_NO_COMMON_BLOCKS = YES;
				GCC_OPTIMIZATION_LEVEL = 0;
				GCC_PREPROCESSOR_DEFINITIONS = (
					"DEBUG=1",
					"$(inherited)",
				);
				GCC_WARN_64_TO_32_BIT_CONVERSION = YES;
				GCC_WARN_ABOUT_RETURN_TYPE = YES_ERROR;
				GCC_WARN_UNDECLARED_SELECTOR = YES;
				GCC_WARN_UNINITIALIZED_AUTOS = YES_AGGRESSIVE;
				GCC_WARN_UNUSED_FUNCTION = YES;
				GCC_WARN_UNUSED_VARIABLE = YES;
				IPHONEOS_DEPLOYMENT_TARGET = 13.6;
				MTL_ENABLE_DEBUG_INFO = INCLUDE_SOURCE;
				MTL_FAST_MATH = YES;
				ONLY_ACTIVE_ARCH = YES;
				SDKROOT = iphoneos;
				SWIFT_ACTIVE_COMPILATION_CONDITIONS = DEBUG;
				SWIFT_OPTIMIZATION_LEVEL = "-Onone";
			};
			name = Debug;
		};
		CD14F98424D8A44400F6689A /* Release */ = {
			isa = XCBuildConfiguration;
			buildSettings = {
				ALWAYS_SEARCH_USER_PATHS = NO;
				CLANG_ANALYZER_NONNULL = YES;
				CLANG_ANALYZER_NUMBER_OBJECT_CONVERSION = YES_AGGRESSIVE;
				CLANG_CXX_LANGUAGE_STANDARD = "gnu++14";
				CLANG_CXX_LIBRARY = "libc++";
				CLANG_ENABLE_MODULES = YES;
				CLANG_ENABLE_OBJC_ARC = YES;
				CLANG_ENABLE_OBJC_WEAK = YES;
				CLANG_WARN_BLOCK_CAPTURE_AUTORELEASING = YES;
				CLANG_WARN_BOOL_CONVERSION = YES;
				CLANG_WARN_COMMA = YES;
				CLANG_WARN_CONSTANT_CONVERSION = YES;
				CLANG_WARN_DEPRECATED_OBJC_IMPLEMENTATIONS = YES;
				CLANG_WARN_DIRECT_OBJC_ISA_USAGE = YES_ERROR;
				CLANG_WARN_DOCUMENTATION_COMMENTS = YES;
				CLANG_WARN_EMPTY_BODY = YES;
				CLANG_WARN_ENUM_CONVERSION = YES;
				CLANG_WARN_INFINITE_RECURSION = YES;
				CLANG_WARN_INT_CONVERSION = YES;
				CLANG_WARN_NON_LITERAL_NULL_CONVERSION = YES;
				CLANG_WARN_OBJC_IMPLICIT_RETAIN_SELF = YES;
				CLANG_WARN_OBJC_LITERAL_CONVERSION = YES;
				CLANG_WARN_OBJC_ROOT_CLASS = YES_ERROR;
				CLANG_WARN_RANGE_LOOP_ANALYSIS = YES;
				CLANG_WARN_STRICT_PROTOTYPES = YES;
				CLANG_WARN_SUSPICIOUS_MOVE = YES;
				CLANG_WARN_UNGUARDED_AVAILABILITY = YES_AGGRESSIVE;
				CLANG_WARN_UNREACHABLE_CODE = YES;
				CLANG_WARN__DUPLICATE_METHOD_MATCH = YES;
				COPY_PHASE_STRIP = NO;
				DEBUG_INFORMATION_FORMAT = "dwarf-with-dsym";
				ENABLE_NS_ASSERTIONS = NO;
				ENABLE_STRICT_OBJC_MSGSEND = YES;
				GCC_C_LANGUAGE_STANDARD = gnu11;
				GCC_NO_COMMON_BLOCKS = YES;
				GCC_WARN_64_TO_32_BIT_CONVERSION = YES;
				GCC_WARN_ABOUT_RETURN_TYPE = YES_ERROR;
				GCC_WARN_UNDECLARED_SELECTOR = YES;
				GCC_WARN_UNINITIALIZED_AUTOS = YES_AGGRESSIVE;
				GCC_WARN_UNUSED_FUNCTION = YES;
				GCC_WARN_UNUSED_VARIABLE = YES;
				IPHONEOS_DEPLOYMENT_TARGET = 13.6;
				MTL_ENABLE_DEBUG_INFO = NO;
				MTL_FAST_MATH = YES;
				SDKROOT = iphoneos;
				SWIFT_COMPILATION_MODE = wholemodule;
				SWIFT_OPTIMIZATION_LEVEL = "-O";
				VALIDATE_PRODUCT = YES;
			};
			name = Release;
		};
		CD14F98624D8A44400F6689A /* Debug */ = {
			isa = XCBuildConfiguration;
			baseConfigurationReference = 82BAC38EAAA7EBDD008F8E09 /* Pods-TwitDemo.debug.xcconfig */;
			buildSettings = {
				ASSETCATALOG_COMPILER_APPICON_NAME = AppIcon;
				CODE_SIGN_STYLE = Automatic;
				DEVELOPMENT_TEAM = RP3J94A3ZR;
				INFOPLIST_FILE = TwitDemo/Info.plist;
				LD_RUNPATH_SEARCH_PATHS = (
					"$(inherited)",
					"@executable_path/Frameworks",
				);
				PRODUCT_BUNDLE_IDENTIFIER = com.inaldoribeiro.TwitDemo;
				PRODUCT_NAME = "$(TARGET_NAME)";
				SWIFT_VERSION = 5.0;
				TARGETED_DEVICE_FAMILY = "1,2";
			};
			name = Debug;
		};
		CD14F98724D8A44400F6689A /* Release */ = {
			isa = XCBuildConfiguration;
			baseConfigurationReference = 0C1809DB58103D336C56C17C /* Pods-TwitDemo.release.xcconfig */;
			buildSettings = {
				ASSETCATALOG_COMPILER_APPICON_NAME = AppIcon;
				CODE_SIGN_STYLE = Automatic;
				DEVELOPMENT_TEAM = RP3J94A3ZR;
				INFOPLIST_FILE = TwitDemo/Info.plist;
				LD_RUNPATH_SEARCH_PATHS = (
					"$(inherited)",
					"@executable_path/Frameworks",
				);
				PRODUCT_BUNDLE_IDENTIFIER = com.inaldoribeiro.TwitDemo;
				PRODUCT_NAME = "$(TARGET_NAME)";
				SWIFT_VERSION = 5.0;
				TARGETED_DEVICE_FAMILY = "1,2";
			};
			name = Release;
		};
/* End XCBuildConfiguration section */

/* Begin XCConfigurationList section */
		CD14F96C24D8A44300F6689A /* Build configuration list for PBXProject "TwitDemo" */ = {
			isa = XCConfigurationList;
			buildConfigurations = (
				CD14F98324D8A44400F6689A /* Debug */,
				CD14F98424D8A44400F6689A /* Release */,
			);
			defaultConfigurationIsVisible = 0;
			defaultConfigurationName = Release;
		};
		CD14F98524D8A44400F6689A /* Build configuration list for PBXNativeTarget "TwitDemo" */ = {
			isa = XCConfigurationList;
			buildConfigurations = (
				CD14F98624D8A44400F6689A /* Debug */,
				CD14F98724D8A44400F6689A /* Release */,
			);
			defaultConfigurationIsVisible = 0;
			defaultConfigurationName = Release;
		};
/* End XCConfigurationList section */
	};
	rootObject = CD14F96924D8A44300F6689A /* Project object */;
}
